
Microsoft Visual Studio Solution File, Format Version 12.00
# Visual Studio Express 2012 for Windows Desktop
Project("{FAE04EC0-301F-11D3-BF4B-00C04F79EFBC}") = "baseball", "baseball\baseball.csproj", "{8220442A-02DF-40F3-BA40-CF69FB8DCFFF}"
EndProject
Global
	GlobalSection(SolutionConfigurationPlatforms) = preSolution
		Debug|Any CPU = Debug|Any CPU
		Release|Any CPU = Release|Any CPU
	EndGlobalSection
	GlobalSection(ProjectConfigurationPlatforms) = postSolution
		{8220442A-02DF-40F3-BA40-CF69FB8DCFFF}.Debug|Any CPU.ActiveCfg = Debug|Any CPU
		{8220442A-02DF-40F3-BA40-CF69FB8DCFFF}.Debug|Any CPU.Build.0 = Debug|Any CPU
		{8220442A-02DF-40F3-BA40-CF69FB8DCFFF}.Release|Any CPU.ActiveCfg = Release|Any CPU
		{8220442A-02DF-40F3-BA40-CF69FB8DCFFF}.Release|Any CPU.Build.0 = Release|Any CPU
	EndGlobalSection
	GlobalSection(SolutionProperties) = preSolution
		HideSolutionNode = FALSE
	EndGlobalSection
EndGlobal
